Microsoft Visual Studio Solution File, Format Version 12.00
# Visual Studio 2012
Project("{FAE04EC0-301F-11D3-BF4B-00C04F79EFBC}") = "Start with Nothing", "Start with Nothing.csproj", "{DAE47BCC-7A4D-456C-8F30-9740639E864F}"
EndProject
Global
	GlobalSection(SolutionConfigurationPlatforms) = preSolution
	Debug|Any CPU = Debug|Any CPU
	ExportDebug|Any CPU = ExportDebug|Any CPU
	ExportRelease|Any CPU = ExportRelease|Any CPU
	EndGlobalSection
	GlobalSection(ProjectConfigurationPlatforms) = postSolution
		{DAE47BCC-7A4D-456C-8F30-9740639E864F}.Debug|Any CPU.ActiveCfg = Debug|Any CPU
		{DAE47BCC-7A4D-456C-8F30-9740639E864F}.Debug|Any CPU.Build.0 = Debug|Any CPU
		{DAE47BCC-7A4D-456C-8F30-9740639E864F}.ExportDebug|Any CPU.ActiveCfg = ExportDebug|Any CPU
		{DAE47BCC-7A4D-456C-8F30-9740639E864F}.ExportDebug|Any CPU.Build.0 = ExportDebug|Any CPU
		{DAE47BCC-7A4D-456C-8F30-9740639E864F}.ExportRelease|Any CPU.ActiveCfg = ExportRelease|Any CPU
		{DAE47BCC-7A4D-456C-8F30-9740639E864F}.ExportRelease|Any CPU.Build.0 = ExportRelease|Any CPU
	EndGlobalSection
EndGlobal
